
Microsoft Visual Studio Solution File, Format Version 12.00
# Visual Studio Version 16
VisualStudioVersion = 16.0.32228.343
MinimumVisualStudioVersion = 10.0.40219.1
Project("{FAE04EC0-301F-11D3-BF4B-00C04F79EFBC}") = "C_Sharpe_Project_Practice", "C_Sharpe_Project_Practice\C_Sharpe_Project_Practice.csproj", "{2EDD8B32-3946-483C-B12F-3877CB378958}"
EndProject
Global
	GlobalSection(SolutionConfigurationPlatforms) = preSolution
		Debug|Any CPU = Debug|Any CPU
		Release|Any CPU = Release|Any CPU
	EndGlobalSection
	GlobalSection(ProjectConfigurationPlatforms) = postSolution
		{2EDD8B32-3946-483C-B12F-3877CB378958}.Debug|Any CPU.ActiveCfg = Debug|Any CPU
		{2EDD8B32-3946-483C-B12F-3877CB378958}.Debug|Any CPU.Build.0 = Debug|Any CPU
		{2EDD8B32-3946-483C-B12F-3877CB378958}.Release|Any CPU.ActiveCfg = Release|Any CPU
		{2EDD8B32-3946-483C-B12F-3877CB378958}.Release|Any CPU.Build.0 = Release|Any CPU
	EndGlobalSection
	GlobalSection(SolutionProperties) = preSolution
		HideSolutionNode = FALSE
	EndGlobalSection
	GlobalSection(ExtensibilityGlobals) = postSolution
		SolutionGuid = {E54338BF-2727-43E2-AE14-7A9852AB4565}
	EndGlobalSection
EndGlobal
